
Microsoft Visual Studio Solution File, Format Version 12.00
# Visual Studio Version 17
VisualStudioVersion = 17.1.32421.90
MinimumVisualStudioVersion = 10.0.40219.1
Project("{9A19103F-16F7-4668-BE54-9A1E7A4F7556}") = "Entra21-Vetor", "Entra21-Vetor\Entra21-Vetor.csproj", "{77C8C966-29A0-4734-8CAE-76E21E490825}"
EndProject
Project("{9A19103F-16F7-4668-BE54-9A1E7A4F7556}") = "Entra21 - IfElse", "Entra21 - IfElse\Entra21 - IfElse.csproj", "{3E782CE1-6548-4B02-A9F0-DF322AF4FC00}"
EndProject
Project("{9A19103F-16F7-4668-BE54-9A1E7A4F7556}") = "Entra21_OrientacaoObjeto2", "Entra21_OrientacaoObjeto2\Entra21_OrientacaoObjeto2.csproj", "{EF9E8706-3E06-414A-83F4-9E439212C639}"
EndProject
Project("{2150E333-8FDC-42A3-9474-1A3956D46DE8}") = "Entra21OrientacaoObjeto", "Entra21OrientacaoObjeto", "{D05BDEA6-9B22-4D94-B515-7B662529A13B}"
EndProject
Project("{2150E333-8FDC-42A3-9474-1A3956D46DE8}") = "IfElseExercicie", "IfElseExercicie", "{57EC2429-321B-4AA3-9C06-EDFE3D9D2DD0}"
	ProjectSection(SolutionItems) = preProject
		Entra21 - IfElse\IfElseExercicie01.cs = Entra21 - IfElse\IfElseExercicie01.cs
		Entra21 - IfElse\IfElseExercicie02.cs = Entra21 - IfElse\IfElseExercicie02.cs
		Entra21 - IfElse\IfElseExercicie03.cs = Entra21 - IfElse\IfElseExercicie03.cs
		Entra21 - IfElse\IfElseExercicie04.cs = Entra21 - IfElse\IfElseExercicie04.cs
		Entra21 - IfElse\Program.cs = Entra21 - IfElse\Program.cs
	EndProjectSection
EndProject
Project("{9A19103F-16F7-4668-BE54-9A1E7A4F7556}") = "Entra21OrientacaoObjeto.Test", "Entra21OrientacaoObjeto.Test\Entra21OrientacaoObjeto.Test.csproj", "{0A1F5535-5792-4088-9A27-9D5ED5000832}"
EndProject
Project("{9A19103F-16F7-4668-BE54-9A1E7A4F7556}") = "OrientacaoObjetosExercicios", "OrientacaoObjetosExercicios\OrientacaoObjetosExercicios.csproj", "{FE5F2141-1804-4A0D-89E0-D1F3FECD8BD2}"
EndProject
Project("{9A19103F-16F7-4668-BE54-9A1E7A4F7556}") = "OrientacaoObjetosExerciciosTest", "OrientacaoObjetosExerciciosTest\OrientacaoObjetosExerciciosTest.csproj", "{32A30FC4-2E29-4700-B666-2E1EBF4F81DE}"
EndProject
Project("{9A19103F-16F7-4668-BE54-9A1E7A4F7556}") = "Entra21-Listas", "Listas\Entra21-Listas.csproj", "{B08A1F1A-8984-4FA7-AA1B-EC189C1952D6}"
EndProject
Project("{2150E333-8FDC-42A3-9474-1A3956D46DE8}") = "ListaOrientacaoObjetos", "ListaOrientacaoObjetos", "{B58F4967-53E6-4976-987E-9A4944EFF294}"
EndProject
Project("{9A19103F-16F7-4668-BE54-9A1E7A4F7556}") = "ExemploListaOrientacaoObjeto", "ExemploListaOrientacaoObjeto\ExemploListaOrientacaoObjeto.csproj", "{0D08EDAF-5B11-4CE8-8648-D3F6D8FFB1CE}"
EndProject
Project("{2150E333-8FDC-42A3-9474-1A3956D46DE8}") = "ListaOrientacaoObjetoExercicios", "ListaOrientacaoObjetoExercicios", "{264AB903-E8D4-45E9-B4CE-D9596F9920E9}"
EndProject
Project("{9A19103F-16F7-4668-BE54-9A1E7A4F7556}") = "Entra21-OrientacaoObjetosListaExercicio", "Entra21-OrientacaoObjetosListaExercicio\Entra21-OrientacaoObjetosListaExercicio.csproj", "{8F36CB65-ABDE-401E-8141-E70367C5F582}"
EndProject
Project("{9A19103F-16F7-4668-BE54-9A1E7A4F7556}") = "Entra21.ExemplosWindowsForms", "Entra21.ExemplosWindowsForms\Entra21.ExemplosWindowsForms.csproj", "{1D664CE0-8B71-4524-9393-4FF03CC738B5}"
EndProject
Project("{2150E333-8FDC-42A3-9474-1A3956D46DE8}") = "ExemplosSQL", "ExemplosSQL", "{CB4A296A-43DA-4E09-952B-1D6A67031E69}"
	ProjectSection(SolutionItems) = preProject
		..\..\..\Desktop\entra21\ExemplosSQLComandosBasicos.sql = ..\..\..\Desktop\entra21\ExemplosSQLComandosBasicos.sql
	EndProjectSection
EndProject
Project("{9A19103F-16F7-4668-BE54-9A1E7A4F7556}") = "Entra21.BancoDados01.Ado.Net", "Entra21.BancoDados01.Ado.Net\Entra21.BancoDados01.Ado.Net.csproj", "{C26C6A56-FAC6-4FB9-A0BF-076EABA972E8}"
EndProject
Project("{2150E333-8FDC-42A3-9474-1A3956D46DE8}") = "ExerciciosSql", "ExerciciosSql", "{45631F45-49E8-4083-BF3D-AA3C3F7C1649}"
EndProject
Project("{00D1A9C2-B5F0-4AF3-8072-F6C62B433612}") = "DatabaseExercicie", "DatabaseExercicie\DatabaseExercicie.sqlproj", "{A3241E42-6BC2-437E-8032-B79E0F02B7C2}"
EndProject
Project("{FAE04EC0-301F-11D3-BF4B-00C04F79EFBC}") = "ExerciciosSQLP", "ExerciciosSQLP\ExerciciosSQLP.csproj", "{093707DD-7747-4AE7-B135-7E22824D4E0F}"
EndProject
Global
	GlobalSection(SolutionConfigurationPlatforms) = preSolution
		Debug|Any CPU = Debug|Any CPU
		Release|Any CPU = Release|Any CPU
	EndGlobalSection
	GlobalSection(ProjectConfigurationPlatforms) = postSolution
		{77C8C966-29A0-4734-8CAE-76E21E490825}.Debug|Any CPU.ActiveCfg = Debug|Any CPU
		{77C8C966-29A0-4734-8CAE-76E21E490825}.Debug|Any CPU.Build.0 = Debug|Any CPU
		{77C8C966-29A0-4734-8CAE-76E21E490825}.Release|Any CPU.ActiveCfg = Release|Any CPU
		{77C8C966-29A0-4734-8CAE-76E21E490825}.Release|Any CPU.Build.0 = Release|Any CPU
		{3E782CE1-6548-4B02-A9F0-DF322AF4FC00}.Debug|Any CPU.ActiveCfg = Debug|Any CPU
		{3E782CE1-6548-4B02-A9F0-DF322AF4FC00}.Debug|Any CPU.Build.0 = Debug|Any CPU
		{3E782CE1-6548-4B02-A9F0-DF322AF4FC00}.Release|Any CPU.ActiveCfg = Release|Any CPU
		{3E782CE1-6548-4B02-A9F0-DF322AF4FC00}.Release|Any CPU.Build.0 = Release|Any CPU
		{EF9E8706-3E06-414A-83F4-9E439212C639}.Debug|Any CPU.ActiveCfg = Debug|Any CPU
		{EF9E8706-3E06-414A-83F4-9E439212C639}.Debug|Any CPU.Build.0 = Debug|Any CPU
		{EF9E8706-3E06-414A-83F4-9E439212C639}.Release|Any CPU.ActiveCfg = Release|Any CPU
		{EF9E8706-3E06-414A-83F4-9E439212C639}.Release|Any CPU.Build.0 = Release|Any CPU
		{0A1F5535-5792-4088-9A27-9D5ED5000832}.Debug|Any CPU.ActiveCfg = Debug|Any CPU
		{0A1F5535-5792-4088-9A27-9D5ED5000832}.Debug|Any CPU.Build.0 = Debug|Any CPU
		{0A1F5535-5792-4088-9A27-9D5ED5000832}.Release|Any CPU.ActiveCfg = Release|Any CPU
		{0A1F5535-5792-4088-9A27-9D5ED5000832}.Release|Any CPU.Build.0 = Release|Any CPU
		{FE5F2141-1804-4A0D-89E0-D1F3FECD8BD2}.Debug|Any CPU.ActiveCfg = Debug|Any CPU
		{FE5F2141-1804-4A0D-89E0-D1F3FECD8BD2}.Debug|Any CPU.Build.0 = Debug|Any CPU
		{FE5F2141-1804-4A0D-89E0-D1F3FECD8BD2}.Release|Any CPU.ActiveCfg = Release|Any CPU
		{FE5F2141-1804-4A0D-89E0-D1F3FECD8BD2}.Release|Any CPU.Build.0 = Release|Any CPU
		{32A30FC4-2E29-4700-B666-2E1EBF4F81DE}.Debug|Any CPU.ActiveCfg = Debug|Any CPU
		{32A30FC4-2E29-4700-B666-2E1EBF4F81DE}.Debug|Any CPU.Build.0 = Debug|Any CPU
		{32A30FC4-2E29-4700-B666-2E1EBF4F81DE}.Release|Any CPU.ActiveCfg = Release|Any CPU
		{32A30FC4-2E29-4700-B666-2E1EBF4F81DE}.Release|Any CPU.Build.0 = Release|Any CPU
		{B08A1F1A-8984-4FA7-AA1B-EC189C1952D6}.Debug|Any CPU.ActiveCfg = Debug|Any CPU
		{B08A1F1A-8984-4FA7-AA1B-EC189C1952D6}.Debug|Any CPU.Build.0 = Debug|Any CPU
		{B08A1F1A-8984-4FA7-AA1B-EC189C1952D6}.Release|Any CPU.ActiveCfg = Release|Any CPU
		{B08A1F1A-8984-4FA7-AA1B-EC189C1952D6}.Release|Any CPU.Build.0 = Release|Any CPU
		{0D08EDAF-5B11-4CE8-8648-D3F6D8FFB1CE}.Debug|Any CPU.ActiveCfg = Debug|Any CPU
		{0D08EDAF-5B11-4CE8-8648-D3F6D8FFB1CE}.Debug|Any CPU.Build.0 = Debug|Any CPU
		{0D08EDAF-5B11-4CE8-8648-D3F6D8FFB1CE}.Release|Any CPU.ActiveCfg = Release|Any CPU
		{0D08EDAF-5B11-4CE8-8648-D3F6D8FFB1CE}.Release|Any CPU.Build.0 = Release|Any CPU
		{8F36CB65-ABDE-401E-8141-E70367C5F582}.Debug|Any CPU.ActiveCfg = Debug|Any CPU
		{8F36CB65-ABDE-401E-8141-E70367C5F582}.Debug|Any CPU.Build.0 = Debug|Any CPU
		{8F36CB65-ABDE-401E-8141-E70367C5F582}.Release|Any CPU.ActiveCfg = Release|Any CPU
		{8F36CB65-ABDE-401E-8141-E70367C5F582}.Release|Any CPU.Build.0 = Release|Any CPU
		{1D664CE0-8B71-4524-9393-4FF03CC738B5}.Debug|Any CPU.ActiveCfg = Debug|Any CPU
		{1D664CE0-8B71-4524-9393-4FF03CC738B5}.Debug|Any CPU.Build.0 = Debug|Any CPU
		{1D664CE0-8B71-4524-9393-4FF03CC738B5}.Release|Any CPU.ActiveCfg = Release|Any CPU
		{1D664CE0-8B71-4524-9393-4FF03CC738B5}.Release|Any CPU.Build.0 = Release|Any CPU
		{C26C6A56-FAC6-4FB9-A0BF-076EABA972E8}.Debug|Any CPU.ActiveCfg = Debug|Any CPU
		{C26C6A56-FAC6-4FB9-A0BF-076EABA972E8}.Debug|Any CPU.Build.0 = Debug|Any CPU
		{C26C6A56-FAC6-4FB9-A0BF-076EABA972E8}.Release|Any CPU.ActiveCfg = Release|Any CPU
		{C26C6A56-FAC6-4FB9-A0BF-076EABA972E8}.Release|Any CPU.Build.0 = Release|Any CPU
		{A3241E42-6BC2-437E-8032-B79E0F02B7C2}.Debug|Any CPU.ActiveCfg = Debug|Any CPU
		{A3241E42-6BC2-437E-8032-B79E0F02B7C2}.Debug|Any CPU.Build.0 = Debug|Any CPU
		{A3241E42-6BC2-437E-8032-B79E0F02B7C2}.Debug|Any CPU.Deploy.0 = Debug|Any CPU
		{A3241E42-6BC2-437E-8032-B79E0F02B7C2}.Release|Any CPU.ActiveCfg = Release|Any CPU
		{A3241E42-6BC2-437E-8032-B79E0F02B7C2}.Release|Any CPU.Build.0 = Release|Any CPU
		{A3241E42-6BC2-437E-8032-B79E0F02B7C2}.Release|Any CPU.Deploy.0 = Release|Any CPU
		{093707DD-7747-4AE7-B135-7E22824D4E0F}.Debug|Any CPU.ActiveCfg = Debug|Any CPU
		{093707DD-7747-4AE7-B135-7E22824D4E0F}.Debug|Any CPU.Build.0 = Debug|Any CPU
		{093707DD-7747-4AE7-B135-7E22824D4E0F}.Release|Any CPU.ActiveCfg = Release|Any CPU
		{093707DD-7747-4AE7-B135-7E22824D4E0F}.Release|Any CPU.Build.0 = Release|Any CPU
	EndGlobalSection
	GlobalSection(SolutionProperties) = preSolution
		HideSolutionNode = FALSE
	EndGlobalSection
	GlobalSection(NestedProjects) = preSolution
		{EF9E8706-3E06-414A-83F4-9E439212C639} = {D05BDEA6-9B22-4D94-B515-7B662529A13B}
		{0D08EDAF-5B11-4CE8-8648-D3F6D8FFB1CE} = {B58F4967-53E6-4976-987E-9A4944EFF294}
		{8F36CB65-ABDE-401E-8141-E70367C5F582} = {264AB903-E8D4-45E9-B4CE-D9596F9920E9}
		{A3241E42-6BC2-437E-8032-B79E0F02B7C2} = {45631F45-49E8-4083-BF3D-AA3C3F7C1649}
		{093707DD-7747-4AE7-B135-7E22824D4E0F} = {45631F45-49E8-4083-BF3D-AA3C3F7C1649}
	EndGlobalSection
	GlobalSection(ExtensibilityGlobals) = postSolution
		SolutionGuid = {FB7F78D8-FEE0-407D-8F18-14CCC9F1EAF4}
	EndGlobalSection
EndGlobal
