
Microsoft Visual Studio Solution File, Format Version 12.00
# Visual Studio Version 17
VisualStudioVersion = 17.1.32421.90
MinimumVisualStudioVersion = 10.0.40219.1
Project("{9A19103F-16F7-4668-BE54-9A1E7A4F7556}") = "Entra21-Vetor", "Entra21-Vetor\Entra21-Vetor.csproj", "{77C8C966-29A0-4734-8CAE-76E21E490825}"
EndProject
Project("{FAE04EC0-301F-11D3-BF4B-00C04F79EFBC}") = "Entra21 - IfElse", "Entra21 - IfElse\Entra21 - IfElse.csproj", "{3E782CE1-6548-4B02-A9F0-DF322AF4FC00}"
EndProject
Global
	GlobalSection(SolutionConfigurationPlatforms) = preSolution
		Debug|Any CPU = Debug|Any CPU
		Release|Any CPU = Release|Any CPU
	EndGlobalSection
	GlobalSection(ProjectConfigurationPlatforms) = postSolution
		{77C8C966-29A0-4734-8CAE-76E21E490825}.Debug|Any CPU.ActiveCfg = Debug|Any CPU
		{77C8C966-29A0-4734-8CAE-76E21E490825}.Debug|Any CPU.Build.0 = Debug|Any CPU
		{77C8C966-29A0-4734-8CAE-76E21E490825}.Release|Any CPU.ActiveCfg = Release|Any CPU
		{77C8C966-29A0-4734-8CAE-76E21E490825}.Release|Any CPU.Build.0 = Release|Any CPU
		{3E782CE1-6548-4B02-A9F0-DF322AF4FC00}.Debug|Any CPU.ActiveCfg = Debug|Any CPU
		{3E782CE1-6548-4B02-A9F0-DF322AF4FC00}.Debug|Any CPU.Build.0 = Debug|Any CPU
		{3E782CE1-6548-4B02-A9F0-DF322AF4FC00}.Release|Any CPU.ActiveCfg = Release|Any CPU
		{3E782CE1-6548-4B02-A9F0-DF322AF4FC00}.Release|Any CPU.Build.0 = Release|Any CPU
	EndGlobalSection
	GlobalSection(SolutionProperties) = preSolution
		HideSolutionNode = FALSE
	EndGlobalSection
	GlobalSection(ExtensibilityGlobals) = postSolution
		SolutionGuid = {FB7F78D8-FEE0-407D-8F18-14CCC9F1EAF4}
	EndGlobalSection
EndGlobal
